// !$*UTF8*$!
{
	archiveVersion = 1;
	classes = {
	};
	objectVersion = 46;
	objects = {

/* Begin PBXBuildFile section */
		50AC06B317B53F12009C4DEB /* UIKit.framework in Frameworks */ = {isa = PBXBuildFile; fileRef = 50AC06B217B53F12009C4DEB /* UIKit.framework */; };
		50AC06B517B53F12009C4DEB /* Foundation.framework in Frameworks */ = {isa = PBXBuildFile; fileRef = 50AC06B417B53F12009C4DEB /* Foundation.framework */; };
		50AC06B717B53F12009C4DEB /* CoreGraphics.framework in Frameworks */ = {isa = PBXBuildFile; fileRef = 50AC06B617B53F12009C4DEB /* CoreGraphics.framework */; };
		50AC06BD17B53F12009C4DEB /* InfoPlist.strings in Resources */ = {isa = PBXBuildFile; fileRef = 50AC06BB17B53F12009C4DEB /* InfoPlist.strings */; };
		50AC06BF17B53F12009C4DEB /* main.m in Sources */ = {isa = PBXBuildFile; fileRef = 50AC06BE17B53F12009C4DEB /* main.m */; };
		50AC06C317B53F12009C4DEB /* AppDelegate.m in Sources */ = {isa = PBXBuildFile; fileRef = 50AC06C217B53F12009C4DEB /* AppDelegate.m */; };
		50AC06C517B53F12009C4DEB /* Default.png in Resources */ = {isa = PBXBuildFile; fileRef = 50AC06C417B53F12009C4DEB /* Default.png */; };
		50AC06C717B53F12009C4DEB /* Default@2x.png in Resources */ = {isa = PBXBuildFile; fileRef = 50AC06C617B53F12009C4DEB /* Default@2x.png */; };
		50AC06C917B53F12009C4DEB /* Default-568h@2x.png in Resources */ = {isa = PBXBuildFile; fileRef = 50AC06C817B53F12009C4DEB /* Default-568h@2x.png */; };
		50AC06CC17B53F12009C4DEB /* ViewController.m in Sources */ = {isa = PBXBuildFile; fileRef = 50AC06CB17B53F12009C4DEB /* ViewController.m */; };
		50AC06CF17B53F12009C4DEB /* ViewController_iPhone.xib in Resources */ = {isa = PBXBuildFile; fileRef = 50AC06CD17B53F12009C4DEB /* ViewController_iPhone.xib */; };
		50AC06D217B53F12009C4DEB /* ViewController_iPad.xib in Resources */ = {isa = PBXBuildFile; fileRef = 50AC06D017B53F12009C4DEB /* ViewController_iPad.xib */; };
		50AC06DA17B53F27009C4DEB /* TriangleControlView.m in Sources */ = {isa = PBXBuildFile; fileRef = 50AC06D917B53F27009C4DEB /* TriangleControlView.m */; };
/* End PBXBuildFile section */

/* Begin PBXFileReference section */
		50AC06AF17B53F12009C4DEB /* TriangleController.app */ = {isa = PBXFileReference; explicitFileType = wrapper.application; includeInIndex = 0; path = TriangleController.app; sourceTree = BUILT_PRODUCTS_DIR; };
		50AC06B217B53F12009C4DEB /* UIKit.framework */ = {isa = PBXFileReference; lastKnownFileType = wrapper.framework; name = UIKit.framework; path = System/Library/Frameworks/UIKit.framework; sourceTree = SDKROOT; };
		50AC06B417B53F12009C4DEB /* Foundation.framework */ = {isa = PBXFileReference; lastKnownFileType = wrapper.framework; name = Foundation.framework; path = System/Library/Frameworks/Foundation.framework; sourceTree = SDKROOT; };
		50AC06B617B53F12009C4DEB /* CoreGraphics.framework */ = {isa = PBXFileReference; lastKnownFileType = wrapper.framework; name = CoreGraphics.framework; path = System/Library/Frameworks/CoreGraphics.framework; sourceTree = SDKROOT; };
		50AC06BA17B53F12009C4DEB /* TriangleController-Info.plist */ = {isa = PBXFileReference; lastKnownFileType = text.plist.xml; path = "TriangleController-Info.plist"; sourceTree = "<group>"; };
		50AC06BC17B53F12009C4DEB /* en */ = {isa = PBXFileReference; lastKnownFileType = text.plist.strings; name = en; path = en.lproj/InfoPlist.strings; sourceTree = "<group>"; };
		50AC06BE17B53F12009C4DEB /* main.m */ = {isa = PBXFileReference; lastKnownFileType = sourcecode.c.objc; path = main.m; sourceTree = "<group>"; };
		50AC06C017B53F12009C4DEB /* TriangleController-Prefix.pch */ = {isa = PBXFileReference; lastKnownFileType = sourcecode.c.h; path = "TriangleController-Prefix.pch"; sourceTree = "<group>"; };
		50AC06C117B53F12009C4DEB /* AppDelegate.h */ = {isa = PBXFileReference; lastKnownFileType = sourcecode.c.h; path = AppDelegate.h; sourceTree = "<group>"; };
		50AC06C217B53F12009C4DEB /* AppDelegate.m */ = {isa = PBXFileReference; lastKnownFileType = sourcecode.c.objc; path = AppDelegate.m; sourceTree = "<group>"; };
		50AC06C417B53F12009C4DEB /* Default.png */ = {isa = PBXFileReference; lastKnownFileType = image.png; path = Default.png; sourceTree = "<group>"; };
		50AC06C617B53F12009C4DEB /* Default@2x.png */ = {isa = PBXFileReference; lastKnownFileType = image.png; path = "Default@2x.png"; sourceTree = "<group>"; };
		50AC06C817B53F12009C4DEB /* Default-568h@2x.png */ = {isa = PBXFileReference; lastKnownFileType = image.png; path = "Default-568h@2x.png"; sourceTree = "<group>"; };
		50AC06CA17B53F12009C4DEB /* ViewController.h */ = {isa = PBXFileReference; lastKnownFileType = sourcecode.c.h; path = ViewController.h; sourceTree = "<group>"; };
		50AC06CB17B53F12009C4DEB /* ViewController.m */ = {isa = PBXFileReference; lastKnownFileType = sourcecode.c.objc; path = ViewController.m; sourceTree = "<group>"; };
		50AC06CE17B53F12009C4DEB /* en */ = {isa = PBXFileReference; lastKnownFileType = file.xib; name = en; path = en.lproj/ViewController_iPhone.xib; sourceTree = "<group>"; };
		50AC06D117B53F12009C4DEB /* en */ = {isa = PBXFileReference; lastKnownFileType = file.xib; name = en; path = en.lproj/ViewController_iPad.xib; sourceTree = "<group>"; };
		50AC06D817B53F27009C4DEB /* TriangleControlView.h */ = {isa = PBXFileReference; fileEncoding = 4; lastKnownFileType = sourcecode.c.h; path = TriangleControlView.h; sourceTree = "<group>"; };
		50AC06D917B53F27009C4DEB /* TriangleControlView.m */ = {isa = PBXFileReference; fileEncoding = 4; lastKnownFileType = sourcecode.c.objc; path = TriangleControlView.m; sourceTree = "<group>"; };
/* End PBXFileReference section */

/* Begin PBXFrameworksBuildPhase section */
		50AC06AC17B53F12009C4DEB /* Frameworks */ = {
			isa = PBXFrameworksBuildPhase;
			buildActionMask = 2147483647;
			files = (
				50AC06B317B53F12009C4DEB /* UIKit.framework in Frameworks */,
				50AC06B517B53F12009C4DEB /* Foundation.framework in Frameworks */,
				50AC06B717B53F12009C4DEB /* CoreGraphics.framework in Frameworks */,
			);
			runOnlyForDeploymentPostprocessing = 0;
		};
/* End PBXFrameworksBuildPhase section */

/* Begin PBXGroup section */
		50AC06A617B53F12009C4DEB = {
			isa = PBXGroup;
			children = (
				50AC06B817B53F12009C4DEB /* TriangleController */,
				50AC06B117B53F12009C4DEB /* Frameworks */,
				50AC06B017B53F12009C4DEB /* Products */,
			);
			sourceTree = "<group>";
		};
		50AC06B017B53F12009C4DEB /* Products */ = {
			isa = PBXGroup;
			children = (
				50AC06AF17B53F12009C4DEB /* TriangleController.app */,
			);
			name = Products;
			sourceTree = "<group>";
		};
		50AC06B117B53F12009C4DEB /* Frameworks */ = {
			isa = PBXGroup;
			children = (
				50AC06B217B53F12009C4DEB /* UIKit.framework */,
				50AC06B417B53F12009C4DEB /* Foundation.framework */,
				50AC06B617B53F12009C4DEB /* CoreGraphics.framework */,
			);
			name = Frameworks;
			sourceTree = "<group>";
		};
		50AC06B817B53F12009C4DEB /* TriangleController */ = {
			isa = PBXGroup;
			children = (
				50AC06C117B53F12009C4DEB /* AppDelegate.h */,
				50AC06C217B53F12009C4DEB /* AppDelegate.m */,
				50AC06CA17B53F12009C4DEB /* ViewController.h */,
				50AC06CB17B53F12009C4DEB /* ViewController.m */,
				50AC06CD17B53F12009C4DEB /* ViewController_iPhone.xib */,
				50AC06D017B53F12009C4DEB /* ViewController_iPad.xib */,
				50AC06B917B53F12009C4DEB /* Supporting Files */,
				50AC06D817B53F27009C4DEB /* TriangleControlView.h */,
				50AC06D917B53F27009C4DEB /* TriangleControlView.m */,
			);
			path = TriangleController;
			sourceTree = "<group>";
		};
		50AC06B917B53F12009C4DEB /* Supporting Files */ = {
			isa = PBXGroup;
			children = (
				50AC06BA17B53F12009C4DEB /* TriangleController-Info.plist */,
				50AC06BB17B53F12009C4DEB /* InfoPlist.strings */,
				50AC06BE17B53F12009C4DEB /* main.m */,
				50AC06C017B53F12009C4DEB /* TriangleController-Prefix.pch */,
				50AC06C417B53F12009C4DEB /* Default.png */,
				50AC06C617B53F12009C4DEB /* Default@2x.png */,
				50AC06C817B53F12009C4DEB /* Default-568h@2x.png */,
			);
			name = "Supporting Files";
			sourceTree = "<group>";
		};
/* End PBXGroup section */

/* Begin PBXNativeTarget section */
		50AC06AE17B53F12009C4DEB /* TriangleController */ = {
			isa = PBXNativeTarget;
			buildConfigurationList = 50AC06D517B53F12009C4DEB /* Build configuration list for PBXNativeTarget "TriangleController" */;
			buildPhases = (
				50AC06AB17B53F12009C4DEB /* Sources */,
				50AC06AC17B53F12009C4DEB /* Frameworks */,
				50AC06AD17B53F12009C4DEB /* Resources */,
			);
			buildRules = (
			);
			dependencies = (
			);
			name = TriangleController;
			productName = TriangleController;
			productReference = 50AC06AF17B53F12009C4DEB /* TriangleController.app */;
			productType = "com.apple.product-type.application";
		};
/* End PBXNativeTarget section */

/* Begin PBXProject section */
		50AC06A717B53F12009C4DEB /* Project object */ = {
			isa = PBXProject;
			attributes = {
				LastUpgradeCheck = 0460;
				ORGANIZATIONNAME = "D Mac";
			};
			buildConfigurationList = 50AC06AA17B53F12009C4DEB /* Build configuration list for PBXProject "TriangleController" */;
			compatibilityVersion = "Xcode 3.2";
			developmentRegion = English;
			hasScannedForEncodings = 0;
			knownRegions = (
				en,
			);
			mainGroup = 50AC06A617B53F12009C4DEB;
			productRefGroup = 50AC06B017B53F12009C4DEB /* Products */;
			projectDirPath = "";
			projectRoot = "";
			targets = (
				50AC06AE17B53F12009C4DEB /* TriangleController */,
			);
		};
/* End PBXProject section */

/* Begin PBXResourcesBuildPhase section */
		50AC06AD17B53F12009C4DEB /* Resources */ = {
			isa = PBXResourcesBuildPhase;
			buildActionMask = 2147483647;
			files = (
				50AC06BD17B53F12009C4DEB /* InfoPlist.strings in Resources */,
				50AC06C517B53F12009C4DEB /* Default.png in Resources */,
				50AC06C717B53F12009C4DEB /* Default@2x.png in Resources */,
				50AC06C917B53F12009C4DEB /* Default-568h@2x.png in Resources */,
				50AC06CF17B53F12009C4DEB /* ViewController_iPhone.xib in Resources */,
				50AC06D217B53F12009C4DEB /* ViewController_iPad.xib in Resources */,
			);
			runOnlyForDeploymentPostprocessing = 0;
		};
/* End PBXResourcesBuildPhase section */

/* Begin PBXSourcesBuildPhase section */
		50AC06AB17B53F12009C4DEB /* Sources */ = {
			isa = PBXSourcesBuildPhase;
			buildActionMask = 2147483647;
			files = (
				50AC06BF17B53F12009C4DEB /* main.m in Sources */,
				50AC06C317B53F12009C4DEB /* AppDelegate.m in Sources */,
				50AC06CC17B53F12009C4DEB /* ViewController.m in Sources */,
				50AC06DA17B53F27009C4DEB /* TriangleControlView.m in Sources */,
			);
			runOnlyForDeploymentPostprocessing = 0;
		};
/* End PBXSourcesBuildPhase section */

/* Begin PBXVariantGroup section */
		50AC06BB17B53F12009C4DEB /* InfoPlist.strings */ = {
			isa = PBXVariantGroup;
			children = (
				50AC06BC17B53F12009C4DEB /* en */,
			);
			name = InfoPlist.strings;
			sourceTree = "<group>";
		};
		50AC06CD17B53F12009C4DEB /* ViewController_iPhone.xib */ = {
			isa = PBXVariantGroup;
			children = (
				50AC06CE17B53F12009C4DEB /* en */,
			);
			name = ViewController_iPhone.xib;
			sourceTree = "<group>";
		};
		50AC06D017B53F12009C4DEB /* ViewController_iPad.xib */ = {
			isa = PBXVariantGroup;
			children = (
				50AC06D117B53F12009C4DEB /* en */,
			);
			name = ViewController_iPad.xib;
			sourceTree = "<group>";
		};
/* End PBXVariantGroup section */

/* Begin XCBuildConfiguration section */
		50AC06D317B53F12009C4DEB /* Debug */ = {
			isa = XCBuildConfiguration;
			buildSettings = {
				ALWAYS_SEARCH_USER_PATHS = NO;
				CLANG_CXX_LANGUAGE_STANDARD = "gnu++0x";
				CLANG_CXX_LIBRARY = "libc++";
				CLANG_ENABLE_OBJC_ARC = YES;
				CLANG_WARN_CONSTANT_CONVERSION = YES;
				CLANG_WARN_EMPTY_BODY = YES;
				CLANG_WARN_ENUM_CONVERSION = YES;
				CLANG_WARN_INT_CONVERSION = YES;
				CLANG_WARN__DUPLICATE_METHOD_MATCH = YES;
				"CODE_SIGN_IDENTITY[sdk=iphoneos*]" = "iPhone Developer";
				COPY_PHASE_STRIP = NO;
				GCC_C_LANGUAGE_STANDARD = gnu99;
				GCC_DYNAMIC_NO_PIC = NO;
				GCC_OPTIMIZATION_LEVEL = 0;
				GCC_PREPROCESSOR_DEFINITIONS = (
					"DEBUG=1",
					"$(inherited)",
				);
				GCC_SYMBOLS_PRIVATE_EXTERN = NO;
				GCC_WARN_ABOUT_RETURN_TYPE = YES;
				GCC_WARN_UNINITIALIZED_AUTOS = YES;
				GCC_WARN_UNUSED_VARIABLE = YES;
				IPHONEOS_DEPLOYMENT_TARGET = 6.1;
				ONLY_ACTIVE_ARCH = YES;
				SDKROOT = iphoneos;
				TARGETED_DEVICE_FAMILY = "1,2";
			};
			name = Debug;
		};
		50AC06D417B53F12009C4DEB /* Release */ = {
			isa = XCBuildConfiguration;
			buildSettings = {
				ALWAYS_SEARCH_USER_PATHS = NO;
				CLANG_CXX_LANGUAGE_STANDARD = "gnu++0x";
				CLANG_CXX_LIBRARY = "libc++";
				CLANG_ENABLE_OBJC_ARC = YES;
				CLANG_WARN_CONSTANT_CONVERSION = YES;
				CLANG_WARN_EMPTY_BODY = YES;
				CLANG_WARN_ENUM_CONVERSION = YES;
				CLANG_WARN_INT_CONVERSION = YES;
				CLANG_WARN__DUPLICATE_METHOD_MATCH = YES;
				"CODE_SIGN_IDENTITY[sdk=iphoneos*]" = "iPhone Developer";
				COPY_PHASE_STRIP = YES;
				GCC_C_LANGUAGE_STANDARD = gnu99;
				GCC_WARN_ABOUT_RETURN_TYPE = YES;
				GCC_WARN_UNINITIALIZED_AUTOS = YES;
				GCC_WARN_UNUSED_VARIABLE = YES;
				IPHONEOS_DEPLOYMENT_TARGET = 6.1;
				OTHER_CFLAGS = "-DNS_BLOCK_ASSERTIONS=1";
				SDKROOT = iphoneos;
				TARGETED_DEVICE_FAMILY = "1,2";
				VALIDATE_PRODUCT = YES;
			};
			name = Release;
		};
		50AC06D617B53F12009C4DEB /* Debug */ = {
			isa = XCBuildConfiguration;
			buildSettings = {
				GCC_PRECOMPILE_PREFIX_HEADER = YES;
				GCC_PREFIX_HEADER = "TriangleController/TriangleController-Prefix.pch";
				INFOPLIST_FILE = "TriangleController/TriangleController-Info.plist";
				PRODUCT_NAME = "$(TARGET_NAME)";
				WRAPPER_EXTENSION = app;
			};
			name = Debug;
		};
		50AC06D717B53F12009C4DEB /* Release */ = {
			isa = XCBuildConfiguration;
			buildSettings = {
				GCC_PRECOMPILE_PREFIX_HEADER = YES;
				GCC_PREFIX_HEADER = "TriangleController/TriangleController-Prefix.pch";
				INFOPLIST_FILE = "TriangleController/TriangleController-Info.plist";
				PRODUCT_NAME = "$(TARGET_NAME)";
				WRAPPER_EXTENSION = app;
			};
			name = Release;
		};
/* End XCBuildConfiguration section */

/* Begin XCConfigurationList section */
		50AC06AA17B53F12009C4DEB /* Build configuration list for PBXProject "TriangleController" */ = {
			isa = XCConfigurationList;
			buildConfigurations = (
				50AC06D317B53F12009C4DEB /* Debug */,
				50AC06D417B53F12009C4DEB /* Release */,
			);
			defaultConfigurationIsVisible = 0;
			defaultConfigurationName = Release;
		};
		50AC06D517B53F12009C4DEB /* Build configuration list for PBXNativeTarget "TriangleController" */ = {
			isa = XCConfigurationList;
			buildConfigurations = (
				50AC06D617B53F12009C4DEB /* Debug */,
				50AC06D717B53F12009C4DEB /* Release */,
			);
			defaultConfigurationIsVisible = 0;
		};
/* End XCConfigurationList section */
	};
	rootObject = 50AC06A717B53F12009C4DEB /* Project object */;
}
